
Microsoft Visual Studio Solution File, Format Version 12.00
# Visual Studio Version 17
VisualStudioVersion = 17.5.33502.453
MinimumVisualStudioVersion = 10.0.40219.1
Project("{FAE04EC0-301F-11D3-BF4B-00C04F79EFBC}") = "Sketchpop", "Sketchpop\Sketchpop.csproj", "{8C188CA0-1147-41C4-9BF8-7980572E41C9}"
EndProject
Global
	GlobalSection(SolutionConfigurationPlatforms) = preSolution
		Debug|Any CPU = Debug|Any CPU
		Release|Any CPU = Release|Any CPU
	EndGlobalSection
	GlobalSection(ProjectConfigurationPlatforms) = postSolution
		{8C188CA0-1147-41C4-9BF8-7980572E41C9}.Debug|Any CPU.ActiveCfg = Debug|Any CPU
		{8C188CA0-1147-41C4-9BF8-7980572E41C9}.Debug|Any CPU.Build.0 = Debug|Any CPU
		{8C188CA0-1147-41C4-9BF8-7980572E41C9}.Release|Any CPU.ActiveCfg = Release|Any CPU
		{8C188CA0-1147-41C4-9BF8-7980572E41C9}.Release|Any CPU.Build.0 = Release|Any CPU
	EndGlobalSection
	GlobalSection(SolutionProperties) = preSolution
		HideSolutionNode = FALSE
	EndGlobalSection
	GlobalSection(ExtensibilityGlobals) = postSolution
		SolutionGuid = {3CD11C24-ADE6-492A-ADBD-27DA59DD8487}
	EndGlobalSection
EndGlobal
